PODS:
  - CocoaLumberjack (1.6.2)
  - FrameAccessor (1.2.0)
  - OCMock (2.2.1)

DEPENDENCIES:
  - CocoaLumberjack
  - FrameAccessor
  - OCMock

SPEC CHECKSUMS:
  CocoaLumberjack: d73e1e317ced14ab930797dda6c17156ff17aaa1
  FrameAccessor: 9cab222a118092deba0ae186d07fa51d4830d3e4
  OCMock: 80e4cfbc71a0e1bd28caf10a9fda27da7c4c8402

COCOAPODS: 0.24.0
